// !$*UTF8*$!
{
	archiveVersion = 1;
	classes = {
	};
	objectVersion = 56;
	objects = {

/* Begin PBXBuildFile section */
		592769E92A3D1B5200DE27CD /* TOTKChecklistApp.swift in Sources */ = {isa = PBXBuildFile; fileRef = 592769E82A3D1B5200DE27CD /* TOTKChecklistApp.swift */; };
		592769EB2A3D1B5200DE27CD /* ContentView.swift in Sources */ = {isa = PBXBuildFile; fileRef = 592769EA2A3D1B5200DE27CD /* ContentView.swift */; };
		592769ED2A3D1B5200DE27CD /* Assets.xcassets in Resources */ = {isa = PBXBuildFile; fileRef = 592769EC2A3D1B5200DE27CD /* Assets.xcassets */; };
		592769F02A3D1B5200DE27CD /* Preview Assets.xcassets in Resources */ = {isa = PBXBuildFile; fileRef = 592769EF2A3D1B5200DE27CD /* Preview Assets.xcassets */; };
		592769F82A3D1B7600DE27CD /* checklist_items_init.json in Resources */ = {isa = PBXBuildFile; fileRef = 592769F72A3D1B7600DE27CD /* checklist_items_init.json */; };
		592769FC2A3D1B9300DE27CD /* ChecklistModelData.swift in Sources */ = {isa = PBXBuildFile; fileRef = 592769FA2A3D1B9300DE27CD /* ChecklistModelData.swift */; };
		592769FD2A3D1B9300DE27CD /* ChecklistItem.swift in Sources */ = {isa = PBXBuildFile; fileRef = 592769FB2A3D1B9300DE27CD /* ChecklistItem.swift */; };
		59276A012A3D1BDE00DE27CD /* ChecklistList.swift in Sources */ = {isa = PBXBuildFile; fileRef = 59276A002A3D1BDE00DE27CD /* ChecklistList.swift */; };
		59276A052A3D492B00DE27CD /* AcquiredButton.swift in Sources */ = {isa = PBXBuildFile; fileRef = 59276A042A3D492B00DE27CD /* AcquiredButton.swift */; };
		59276A082A3D4C8600DE27CD /* ChecklistItemView.swift in Sources */ = {isa = PBXBuildFile; fileRef = 59276A072A3D4C8600DE27CD /* ChecklistItemView.swift */; };
		59276A0A2A3D505600DE27CD /* ChecklistListItem.swift in Sources */ = {isa = PBXBuildFile; fileRef = 59276A092A3D505600DE27CD /* ChecklistListItem.swift */; };
/* End PBXBuildFile section */

/* Begin PBXFileReference section */
		592769E52A3D1B5200DE27CD /* TOTKChecklist.app */ = {isa = PBXFileReference; explicitFileType = wrapper.application; includeInIndex = 0; path = TOTKChecklist.app; sourceTree = BUILT_PRODUCTS_DIR; };
		592769E82A3D1B5200DE27CD /* TOTKChecklistApp.swift */ = {isa = PBXFileReference; lastKnownFileType = sourcecode.swift; path = TOTKChecklistApp.swift; sourceTree = "<group>"; };
		592769EA2A3D1B5200DE27CD /* ContentView.swift */ = {isa = PBXFileReference; lastKnownFileType = sourcecode.swift; path = ContentView.swift; sourceTree = "<group>"; };
		592769EC2A3D1B5200DE27CD /* Assets.xcassets */ = {isa = PBXFileReference; lastKnownFileType = folder.assetcatalog; path = Assets.xcassets; sourceTree = "<group>"; };
		592769EF2A3D1B5200DE27CD /* Preview Assets.xcassets */ = {isa = PBXFileReference; lastKnownFileType = folder.assetcatalog; path = "Preview Assets.xcassets"; sourceTree = "<group>"; };
		592769F72A3D1B7600DE27CD /* checklist_items_init.json */ = {isa = PBXFileReference; fileEncoding = 4; lastKnownFileType = text.json; path = checklist_items_init.json; sourceTree = "<group>"; };
		592769FA2A3D1B9300DE27CD /* ChecklistModelData.swift */ = {isa = PBXFileReference; fileEncoding = 4; lastKnownFileType = sourcecode.swift; path = ChecklistModelData.swift; sourceTree = "<group>"; };
		592769FB2A3D1B9300DE27CD /* ChecklistItem.swift */ = {isa = PBXFileReference; fileEncoding = 4; lastKnownFileType = sourcecode.swift; path = ChecklistItem.swift; sourceTree = "<group>"; };
		59276A002A3D1BDE00DE27CD /* ChecklistList.swift */ = {isa = PBXFileReference; fileEncoding = 4; lastKnownFileType = sourcecode.swift; path = ChecklistList.swift; sourceTree = "<group>"; };
		59276A042A3D492B00DE27CD /* AcquiredButton.swift */ = {isa = PBXFileReference; lastKnownFileType = sourcecode.swift; path = AcquiredButton.swift; sourceTree = "<group>"; };
		59276A072A3D4C8600DE27CD /* ChecklistItemView.swift */ = {isa = PBXFileReference; lastKnownFileType = sourcecode.swift; path = ChecklistItemView.swift; sourceTree = "<group>"; };
		59276A092A3D505600DE27CD /* ChecklistListItem.swift */ = {isa = PBXFileReference; lastKnownFileType = sourcecode.swift; path = ChecklistListItem.swift; sourceTree = "<group>"; };
/* End PBXFileReference section */

/* Begin PBXFrameworksBuildPhase section */
		592769E22A3D1B5200DE27CD /* Frameworks */ = {
			isa = PBXFrameworksBuildPhase;
			buildActionMask = 2147483647;
			files = (
			);
			runOnlyForDeploymentPostprocessing = 0;
		};
/* End PBXFrameworksBuildPhase section */

/* Begin PBXGroup section */
		592769DC2A3D1B5100DE27CD = {
			isa = PBXGroup;
			children = (
				592769E72A3D1B5200DE27CD /* TOTKChecklist */,
				592769E62A3D1B5200DE27CD /* Products */,
			);
			sourceTree = "<group>";
		};
		592769E62A3D1B5200DE27CD /* Products */ = {
			isa = PBXGroup;
			children = (
				592769E52A3D1B5200DE27CD /* TOTKChecklist.app */,
			);
			name = Products;
			sourceTree = "<group>";
		};
		592769E72A3D1B5200DE27CD /* TOTKChecklist */ = {
			isa = PBXGroup;
			children = (
				592769E82A3D1B5200DE27CD /* TOTKChecklistApp.swift */,
				592769EC2A3D1B5200DE27CD /* Assets.xcassets */,
				592769F92A3D1B8000DE27CD /* Model */,
				592769EE2A3D1B5200DE27CD /* Preview Content */,
				592769F62A3D1B5B00DE27CD /* Resources */,
				592769FE2A3D1B9A00DE27CD /* Views */,
			);
			path = TOTKChecklist;
			sourceTree = "<group>";
		};
		592769EE2A3D1B5200DE27CD /* Preview Content */ = {
			isa = PBXGroup;
			children = (
				592769EF2A3D1B5200DE27CD /* Preview Assets.xcassets */,
			);
			path = "Preview Content";
			sourceTree = "<group>";
		};
		592769F62A3D1B5B00DE27CD /* Resources */ = {
			isa = PBXGroup;
			children = (
				592769F72A3D1B7600DE27CD /* checklist_items_init.json */,
			);
			path = Resources;
			sourceTree = "<group>";
		};
		592769F92A3D1B8000DE27CD /* Model */ = {
			isa = PBXGroup;
			children = (
				592769FB2A3D1B9300DE27CD /* ChecklistItem.swift */,
				592769FA2A3D1B9300DE27CD /* ChecklistModelData.swift */,
			);
			path = Model;
			sourceTree = "<group>";
		};
		592769FE2A3D1B9A00DE27CD /* Views */ = {
			isa = PBXGroup;
			children = (
				59276A062A3D493B00DE27CD /* Helpers */,
				592769FF2A3D1BB200DE27CD /* Checklist */,
				592769EA2A3D1B5200DE27CD /* ContentView.swift */,
			);
			path = Views;
			sourceTree = "<group>";
		};
		592769FF2A3D1BB200DE27CD /* Checklist */ = {
			isa = PBXGroup;
			children = (
				59276A002A3D1BDE00DE27CD /* ChecklistList.swift */,
				59276A072A3D4C8600DE27CD /* ChecklistItemView.swift */,
				59276A092A3D505600DE27CD /* ChecklistListItem.swift */,
			);
			path = Checklist;
			sourceTree = "<group>";
		};
		59276A062A3D493B00DE27CD /* Helpers */ = {
			isa = PBXGroup;
			children = (
				59276A042A3D492B00DE27CD /* AcquiredButton.swift */,
			);
			path = Helpers;
			sourceTree = "<group>";
		};
/* End PBXGroup section */

/* Begin PBXNativeTarget section */
		592769E42A3D1B5200DE27CD /* TOTKChecklist */ = {
			isa = PBXNativeTarget;
			buildConfigurationList = 592769F32A3D1B5200DE27CD /* Build configuration list for PBXNativeTarget "TOTKChecklist" */;
			buildPhases = (
				592769E12A3D1B5200DE27CD /* Sources */,
				592769E22A3D1B5200DE27CD /* Frameworks */,
				592769E32A3D1B5200DE27CD /* Resources */,
			);
			buildRules = (
			);
			dependencies = (
			);
			name = TOTKChecklist;
			productName = TOTKChecklist;
			productReference = 592769E52A3D1B5200DE27CD /* TOTKChecklist.app */;
			productType = "com.apple.product-type.application";
		};
/* End PBXNativeTarget section */

/* Begin PBXProject section */
		592769DD2A3D1B5100DE27CD /* Project object */ = {
			isa = PBXProject;
			attributes = {
				BuildIndependentTargetsInParallel = 1;
				LastSwiftUpdateCheck = 1430;
				LastUpgradeCheck = 1430;
				TargetAttributes = {
					592769E42A3D1B5200DE27CD = {
						CreatedOnToolsVersion = 14.3.1;
					};
				};
			};
			buildConfigurationList = 592769E02A3D1B5100DE27CD /* Build configuration list for PBXProject "TOTKChecklist" */;
			compatibilityVersion = "Xcode 14.0";
			developmentRegion = en;
			hasScannedForEncodings = 0;
			knownRegions = (
				en,
				Base,
			);
			mainGroup = 592769DC2A3D1B5100DE27CD;
			productRefGroup = 592769E62A3D1B5200DE27CD /* Products */;
			projectDirPath = "";
			projectRoot = "";
			targets = (
				592769E42A3D1B5200DE27CD /* TOTKChecklist */,
			);
		};
/* End PBXProject section */

/* Begin PBXResourcesBuildPhase section */
		592769E32A3D1B5200DE27CD /* Resources */ = {
			isa = PBXResourcesBuildPhase;
			buildActionMask = 2147483647;
			files = (
				592769F82A3D1B7600DE27CD /* checklist_items_init.json in Resources */,
				592769F02A3D1B5200DE27CD /* Preview Assets.xcassets in Resources */,
				592769ED2A3D1B5200DE27CD /* Assets.xcassets in Resources */,
			);
			runOnlyForDeploymentPostprocessing = 0;
		};
/* End PBXResourcesBuildPhase section */

/* Begin PBXSourcesBuildPhase section */
		592769E12A3D1B5200DE27CD /* Sources */ = {
			isa = PBXSourcesBuildPhase;
			buildActionMask = 2147483647;
			files = (
				592769FC2A3D1B9300DE27CD /* ChecklistModelData.swift in Sources */,
				59276A012A3D1BDE00DE27CD /* ChecklistList.swift in Sources */,
				592769EB2A3D1B5200DE27CD /* ContentView.swift in Sources */,
				592769E92A3D1B5200DE27CD /* TOTKChecklistApp.swift in Sources */,
				592769FD2A3D1B9300DE27CD /* ChecklistItem.swift in Sources */,
				59276A082A3D4C8600DE27CD /* ChecklistItemView.swift in Sources */,
				59276A052A3D492B00DE27CD /* AcquiredButton.swift in Sources */,
				59276A0A2A3D505600DE27CD /* ChecklistListItem.swift in Sources */,
			);
			runOnlyForDeploymentPostprocessing = 0;
		};
/* End PBXSourcesBuildPhase section */

/* Begin XCBuildConfiguration section */
		592769F12A3D1B5200DE27CD /* Debug */ = {
			isa = XCBuildConfiguration;
			buildSettings = {
				ALWAYS_SEARCH_USER_PATHS = NO;
				CLANG_ANALYZER_NONNULL = YES;
				CLANG_ANALYZER_NUMBER_OBJECT_CONVERSION = YES_AGGRESSIVE;
				CLANG_CXX_LANGUAGE_STANDARD = "gnu++20";
				CLANG_ENABLE_MODULES = YES;
				CLANG_ENABLE_OBJC_ARC = YES;
				CLANG_ENABLE_OBJC_WEAK = YES;
				CLANG_WARN_BLOCK_CAPTURE_AUTORELEASING = YES;
				CLANG_WARN_BOOL_CONVERSION = YES;
				CLANG_WARN_COMMA = YES;
				CLANG_WARN_CONSTANT_CONVERSION = YES;
				CLANG_WARN_DEPRECATED_OBJC_IMPLEMENTATIONS = YES;
				CLANG_WARN_DIRECT_OBJC_ISA_USAGE = YES_ERROR;
				CLANG_WARN_DOCUMENTATION_COMMENTS = YES;
				CLANG_WARN_EMPTY_BODY = YES;
				CLANG_WARN_ENUM_CONVERSION = YES;
				CLANG_WARN_INFINITE_RECURSION = YES;
				CLANG_WARN_INT_CONVERSION = YES;
				CLANG_WARN_NON_LITERAL_NULL_CONVERSION = YES;
				CLANG_WARN_OBJC_IMPLICIT_RETAIN_SELF = YES;
				CLANG_WARN_OBJC_LITERAL_CONVERSION = YES;
				CLANG_WARN_OBJC_ROOT_CLASS = YES_ERROR;
				CLANG_WARN_QUOTED_INCLUDE_IN_FRAMEWORK_HEADER = YES;
				CLANG_WARN_RANGE_LOOP_ANALYSIS = YES;
				CLANG_WARN_STRICT_PROTOTYPES = YES;
				CLANG_WARN_SUSPICIOUS_MOVE = YES;
				CLANG_WARN_UNGUARDED_AVAILABILITY = YES_AGGRESSIVE;
				CLANG_WARN_UNREACHABLE_CODE = YES;
				CLANG_WARN__DUPLICATE_METHOD_MATCH = YES;
				COPY_PHASE_STRIP = NO;
				DEBUG_INFORMATION_FORMAT = dwarf;
				ENABLE_STRICT_OBJC_MSGSEND = YES;
				ENABLE_TESTABILITY = YES;
				GCC_C_LANGUAGE_STANDARD = gnu11;
				GCC_DYNAMIC_NO_PIC = NO;
				GCC_NO_COMMON_BLOCKS = YES;
				GCC_OPTIMIZATION_LEVEL = 0;
				GCC_PREPROCESSOR_DEFINITIONS = (
					"DEBUG=1",
					"$(inherited)",
				);
				GCC_WARN_64_TO_32_BIT_CONVERSION = YES;
				GCC_WARN_ABOUT_RETURN_TYPE = YES_ERROR;
				GCC_WARN_UNDECLARED_SELECTOR = YES;
				GCC_WARN_UNINITIALIZED_AUTOS = YES_AGGRESSIVE;
				GCC_WARN_UNUSED_FUNCTION = YES;
				GCC_WARN_UNUSED_VARIABLE = YES;
				IPHONEOS_DEPLOYMENT_TARGET = 16.4;
				MTL_ENABLE_DEBUG_INFO = INCLUDE_SOURCE;
				MTL_FAST_MATH = YES;
				ONLY_ACTIVE_ARCH = YES;
				SDKROOT = iphoneos;
				SWIFT_ACTIVE_COMPILATION_CONDITIONS = DEBUG;
				SWIFT_OPTIMIZATION_LEVEL = "-Onone";
			};
			name = Debug;
		};
		592769F22A3D1B5200DE27CD /* Release */ = {
			isa = XCBuildConfiguration;
			buildSettings = {
				ALWAYS_SEARCH_USER_PATHS = NO;
				CLANG_ANALYZER_NONNULL = YES;
				CLANG_ANALYZER_NUMBER_OBJECT_CONVERSION = YES_AGGRESSIVE;
				CLANG_CXX_LANGUAGE_STANDARD = "gnu++20";
				CLANG_ENABLE_MODULES = YES;
				CLANG_ENABLE_OBJC_ARC = YES;
				CLANG_ENABLE_OBJC_WEAK = YES;
				CLANG_WARN_BLOCK_CAPTURE_AUTORELEASING = YES;
				CLANG_WARN_BOOL_CONVERSION = YES;
				CLANG_WARN_COMMA = YES;
				CLANG_WARN_CONSTANT_CONVERSION = YES;
				CLANG_WARN_DEPRECATED_OBJC_IMPLEMENTATIONS = YES;
				CLANG_WARN_DIRECT_OBJC_ISA_USAGE = YES_ERROR;
				CLANG_WARN_DOCUMENTATION_COMMENTS = YES;
				CLANG_WARN_EMPTY_BODY = YES;
				CLANG_WARN_ENUM_CONVERSION = YES;
				CLANG_WARN_INFINITE_RECURSION = YES;
				CLANG_WARN_INT_CONVERSION = YES;
				CLANG_WARN_NON_LITERAL_NULL_CONVERSION = YES;
				CLANG_WARN_OBJC_IMPLICIT_RETAIN_SELF = YES;
				CLANG_WARN_OBJC_LITERAL_CONVERSION = YES;
				CLANG_WARN_OBJC_ROOT_CLASS = YES_ERROR;
				CLANG_WARN_QUOTED_INCLUDE_IN_FRAMEWORK_HEADER = YES;
				CLANG_WARN_RANGE_LOOP_ANALYSIS = YES;
				CLANG_WARN_STRICT_PROTOTYPES = YES;
				CLANG_WARN_SUSPICIOUS_MOVE = YES;
				CLANG_WARN_UNGUARDED_AVAILABILITY = YES_AGGRESSIVE;
				CLANG_WARN_UNREACHABLE_CODE = YES;
				CLANG_WARN__DUPLICATE_METHOD_MATCH = YES;
				COPY_PHASE_STRIP = NO;
				DEBUG_INFORMATION_FORMAT = "dwarf-with-dsym";
				ENABLE_NS_ASSERTIONS = NO;
				ENABLE_STRICT_OBJC_MSGSEND = YES;
				GCC_C_LANGUAGE_STANDARD = gnu11;
				GCC_NO_COMMON_BLOCKS = YES;
				GCC_WARN_64_TO_32_BIT_CONVERSION = YES;
				GCC_WARN_ABOUT_RETURN_TYPE = YES_ERROR;
				GCC_WARN_UNDECLARED_SELECTOR = YES;
				GCC_WARN_UNINITIALIZED_AUTOS = YES_AGGRESSIVE;
				GCC_WARN_UNUSED_FUNCTION = YES;
				GCC_WARN_UNUSED_VARIABLE = YES;
				IPHONEOS_DEPLOYMENT_TARGET = 16.4;
				MTL_ENABLE_DEBUG_INFO = NO;
				MTL_FAST_MATH = YES;
				SDKROOT = iphoneos;
				SWIFT_COMPILATION_MODE = wholemodule;
				SWIFT_OPTIMIZATION_LEVEL = "-O";
				VALIDATE_PRODUCT = YES;
			};
			name = Release;
		};
		592769F42A3D1B5200DE27CD /* Debug */ = {
			isa = XCBuildConfiguration;
			buildSettings = {
				ASSETCATALOG_COMPILER_APPICON_NAME = AppIcon;
				ASSETCATALOG_COMPILER_GLOBAL_ACCENT_COLOR_NAME = AccentColor;
				CODE_SIGN_STYLE = Automatic;
				CURRENT_PROJECT_VERSION = 1;
				DEVELOPMENT_ASSET_PATHS = "\"TOTKChecklist/Preview Content\"";
				DEVELOPMENT_TEAM = PWM4889277;
				ENABLE_PREVIEWS = YES;
				GENERATE_INFOPLIST_FILE = YES;
				INFOPLIST_KEY_UIApplicationSceneManifest_Generation = YES;
				INFOPLIST_KEY_UIApplicationSupportsIndirectInputEvents = YES;
				INFOPLIST_KEY_UILaunchScreen_Generation = YES;
				INFOPLIST_KEY_UISupportedInterfaceOrientations_iPad = "UIInterfaceOrientationPortrait UIInterfaceOrientationPortraitUpsideDown UIInterfaceOrientationLandscapeLeft UIInterfaceOrientationLandscapeRight";
				INFOPLIST_KEY_UISupportedInterfaceOrientations_iPhone = "UIInterfaceOrientationPortrait UIInterfaceOrientationLandscapeLeft UIInterfaceOrientationLandscapeRight";
				LD_RUNPATH_SEARCH_PATHS = (
					"$(inherited)",
					"@executable_path/Frameworks",
				);
				MARKETING_VERSION = 1.0;
				PRODUCT_BUNDLE_IDENTIFIER = "com.peter-aarestad.TOTKChecklist";
				PRODUCT_NAME = "$(TARGET_NAME)";
				SWIFT_EMIT_LOC_STRINGS = YES;
				SWIFT_VERSION = 5.0;
				TARGETED_DEVICE_FAMILY = "1,2";
			};
			name = Debug;
		};
		592769F52A3D1B5200DE27CD /* Release */ = {
			isa = XCBuildConfiguration;
			buildSettings = {
				ASSETCATALOG_COMPILER_APPICON_NAME = AppIcon;
				ASSETCATALOG_COMPILER_GLOBAL_ACCENT_COLOR_NAME = AccentColor;
				CODE_SIGN_STYLE = Automatic;
				CURRENT_PROJECT_VERSION = 1;
				DEVELOPMENT_ASSET_PATHS = "\"TOTKChecklist/Preview Content\"";
				DEVELOPMENT_TEAM = PWM4889277;
				ENABLE_PREVIEWS = YES;
				GENERATE_INFOPLIST_FILE = YES;
				INFOPLIST_KEY_UIApplicationSceneManifest_Generation = YES;
				INFOPLIST_KEY_UIApplicationSupportsIndirectInputEvents = YES;
				INFOPLIST_KEY_UILaunchScreen_Generation = YES;
				INFOPLIST_KEY_UISupportedInterfaceOrientations_iPad = "UIInterfaceOrientationPortrait UIInterfaceOrientationPortraitUpsideDown UIInterfaceOrientationLandscapeLeft UIInterfaceOrientationLandscapeRight";
				INFOPLIST_KEY_UISupportedInterfaceOrientations_iPhone = "UIInterfaceOrientationPortrait UIInterfaceOrientationLandscapeLeft UIInterfaceOrientationLandscapeRight";
				LD_RUNPATH_SEARCH_PATHS = (
					"$(inherited)",
					"@executable_path/Frameworks",
				);
				MARKETING_VERSION = 1.0;
				PRODUCT_BUNDLE_IDENTIFIER = "com.peter-aarestad.TOTKChecklist";
				PRODUCT_NAME = "$(TARGET_NAME)";
				SWIFT_EMIT_LOC_STRINGS = YES;
				SWIFT_VERSION = 5.0;
				TARGETED_DEVICE_FAMILY = "1,2";
			};
			name = Release;
		};
/* End XCBuildConfiguration section */

/* Begin XCConfigurationList section */
		592769E02A3D1B5100DE27CD /* Build configuration list for PBXProject "TOTKChecklist" */ = {
			isa = XCConfigurationList;
			buildConfigurations = (
				592769F12A3D1B5200DE27CD /* Debug */,
				592769F22A3D1B5200DE27CD /* Release */,
			);
			defaultConfigurationIsVisible = 0;
			defaultConfigurationName = Release;
		};
		592769F32A3D1B5200DE27CD /* Build configuration list for PBXNativeTarget "TOTKChecklist" */ = {
			isa = XCConfigurationList;
			buildConfigurations = (
				592769F42A3D1B5200DE27CD /* Debug */,
				592769F52A3D1B5200DE27CD /* Release */,
			);
			defaultConfigurationIsVisible = 0;
			defaultConfigurationName = Release;
		};
/* End XCConfigurationList section */
	};
	rootObject = 592769DD2A3D1B5100DE27CD /* Project object */;
}
